
Microsoft Visual Studio Solution File, Format Version 12.00
# Visual Studio 15
VisualStudioVersion = 15.0.27428.2037
MinimumVisualStudioVersion = 10.0.40219.1
Project("{FAE04EC0-301F-11D3-BF4B-00C04F79EFBC}") = "16", "16\16.csproj", "{A6BB4F8F-AF91-42E4-B181-B556C7444416}"
EndProject
Global
	GlobalSection(SolutionConfigurationPlatforms) = preSolution
		Debug|Any CPU = Debug|Any CPU
		Release|Any CPU = Release|Any CPU
	EndGlobalSection
	GlobalSection(ProjectConfigurationPlatforms) = postSolution
		{A6BB4F8F-AF91-42E4-B181-B556C7444416}.Debug|Any CPU.ActiveCfg = Debug|Any CPU
		{A6BB4F8F-AF91-42E4-B181-B556C7444416}.Debug|Any CPU.Build.0 = Debug|Any CPU
		{A6BB4F8F-AF91-42E4-B181-B556C7444416}.Release|Any CPU.ActiveCfg = Release|Any CPU
		{A6BB4F8F-AF91-42E4-B181-B556C7444416}.Release|Any CPU.Build.0 = Release|Any CPU
	EndGlobalSection
	GlobalSection(SolutionProperties) = preSolution
		HideSolutionNode = FALSE
	EndGlobalSection
	GlobalSection(ExtensibilityGlobals) = postSolution
		SolutionGuid = {74C3ED4F-7352-456F-A858-9A063115BF54}
	EndGlobalSection
EndGlobal
