
Microsoft Visual Studio Solution File, Format Version 12.00
# Visual Studio 15
VisualStudioVersion = 15.0.27428.2015
MinimumVisualStudioVersion = 10.0.40219.1
Project("{FAE04EC0-301F-11D3-BF4B-00C04F79EFBC}") = "01", "01\01.csproj", "{C77C02E4-C6BB-4705-915D-5B09628B21C8}"
EndProject
Project("{FAE04EC0-301F-11D3-BF4B-00C04F79EFBC}") = "02", "02\02.csproj", "{3CA63A2A-1061-47FF-826C-D937A0B0EC90}"
EndProject
Project("{FAE04EC0-301F-11D3-BF4B-00C04F79EFBC}") = "04", "04\04.csproj", "{19393D53-55C8-419B-B0B8-D936B1E711C1}"
EndProject
Global
	GlobalSection(SolutionConfigurationPlatforms) = preSolution
		Debug|Any CPU = Debug|Any CPU
		Release|Any CPU = Release|Any CPU
	EndGlobalSection
	GlobalSection(ProjectConfigurationPlatforms) = postSolution
		{C77C02E4-C6BB-4705-915D-5B09628B21C8}.Debug|Any CPU.ActiveCfg = Debug|Any CPU
		{C77C02E4-C6BB-4705-915D-5B09628B21C8}.Debug|Any CPU.Build.0 = Debug|Any CPU
		{C77C02E4-C6BB-4705-915D-5B09628B21C8}.Release|Any CPU.ActiveCfg = Release|Any CPU
		{C77C02E4-C6BB-4705-915D-5B09628B21C8}.Release|Any CPU.Build.0 = Release|Any CPU
		{3CA63A2A-1061-47FF-826C-D937A0B0EC90}.Debug|Any CPU.ActiveCfg = Debug|Any CPU
		{3CA63A2A-1061-47FF-826C-D937A0B0EC90}.Debug|Any CPU.Build.0 = Debug|Any CPU
		{3CA63A2A-1061-47FF-826C-D937A0B0EC90}.Release|Any CPU.ActiveCfg = Release|Any CPU
		{3CA63A2A-1061-47FF-826C-D937A0B0EC90}.Release|Any CPU.Build.0 = Release|Any CPU
		{19393D53-55C8-419B-B0B8-D936B1E711C1}.Debug|Any CPU.ActiveCfg = Debug|Any CPU
		{19393D53-55C8-419B-B0B8-D936B1E711C1}.Debug|Any CPU.Build.0 = Debug|Any CPU
		{19393D53-55C8-419B-B0B8-D936B1E711C1}.Release|Any CPU.ActiveCfg = Release|Any CPU
		{19393D53-55C8-419B-B0B8-D936B1E711C1}.Release|Any CPU.Build.0 = Release|Any CPU
	EndGlobalSection
	GlobalSection(SolutionProperties) = preSolution
		HideSolutionNode = FALSE
	EndGlobalSection
	GlobalSection(ExtensibilityGlobals) = postSolution
		SolutionGuid = {C1455676-68F8-441A-984B-EA3BCC20C788}
	EndGlobalSection
EndGlobal
